
Microsoft Visual Studio Solution File, Format Version 12.00
# Visual Studio Version 17
VisualStudioVersion = 17.10.35122.118
MinimumVisualStudioVersion = 10.0.40219.1
Project("{FAE04EC0-301F-11D3-BF4B-00C04F79EFBC}") = "MainProj", "CountCharactersAlgorythm\MainProj.csproj", "{237AF033-7E63-4C87-811F-F0FD216B0706}"
	ProjectSection(ProjectDependencies) = postProject
		{9F1017B1-C4D3-4653-A39B-73E61AA1EF1B} = {9F1017B1-C4D3-4653-A39B-73E61AA1EF1B}
	EndProjectSection
EndProject
Project("{FAE04EC0-301F-11D3-BF4B-00C04F79EFBC}") = "CharactersCounter", "CharactersCounter\CharactersCounter.csproj", "{9F1017B1-C4D3-4653-A39B-73E61AA1EF1B}"
EndProject
Project("{FAE04EC0-301F-11D3-BF4B-00C04F79EFBC}") = "CharactersCounterTests", "CharactersCounterTests\CharactersCounterTests.csproj", "{B0CB3EC1-F84C-4475-988C-742F6114EE91}"
EndProject
Global
	GlobalSection(SolutionConfigurationPlatforms) = preSolution
		Debug|Any CPU = Debug|Any CPU
		Release|Any CPU = Release|Any CPU
	EndGlobalSection
	GlobalSection(ProjectConfigurationPlatforms) = postSolution
		{237AF033-7E63-4C87-811F-F0FD216B0706}.Debug|Any CPU.ActiveCfg = Debug|Any CPU
		{237AF033-7E63-4C87-811F-F0FD216B0706}.Debug|Any CPU.Build.0 = Debug|Any CPU
		{237AF033-7E63-4C87-811F-F0FD216B0706}.Release|Any CPU.ActiveCfg = Release|Any CPU
		{237AF033-7E63-4C87-811F-F0FD216B0706}.Release|Any CPU.Build.0 = Release|Any CPU
		{9F1017B1-C4D3-4653-A39B-73E61AA1EF1B}.Debug|Any CPU.ActiveCfg = Debug|Any CPU
		{9F1017B1-C4D3-4653-A39B-73E61AA1EF1B}.Debug|Any CPU.Build.0 = Debug|Any CPU
		{9F1017B1-C4D3-4653-A39B-73E61AA1EF1B}.Release|Any CPU.ActiveCfg = Release|Any CPU
		{9F1017B1-C4D3-4653-A39B-73E61AA1EF1B}.Release|Any CPU.Build.0 = Release|Any CPU
		{B0CB3EC1-F84C-4475-988C-742F6114EE91}.Debug|Any CPU.ActiveCfg = Debug|Any CPU
		{B0CB3EC1-F84C-4475-988C-742F6114EE91}.Debug|Any CPU.Build.0 = Debug|Any CPU
		{B0CB3EC1-F84C-4475-988C-742F6114EE91}.Release|Any CPU.ActiveCfg = Release|Any CPU
		{B0CB3EC1-F84C-4475-988C-742F6114EE91}.Release|Any CPU.Build.0 = Release|Any CPU
	EndGlobalSection
	GlobalSection(SolutionProperties) = preSolution
		HideSolutionNode = FALSE
	EndGlobalSection
	GlobalSection(ExtensibilityGlobals) = postSolution
		SolutionGuid = {7CF9001D-1D8E-46C4-8650-1B8DAE7E78FE}
	EndGlobalSection
EndGlobal
